
Microsoft Visual Studio Solution File, Format Version 12.00
# Visual Studio Version 16
VisualStudioVersion = 16.0.30503.244
MinimumVisualStudioVersion = 10.0.40219.1
Project("{FAE04EC0-301F-11D3-BF4B-00C04F79EFBC}") = "CommandPatternLibrary", "..\CommandPatternLibrary\CommandPatternLibrary.csproj", "{24056928-B80B-4C08-8CCA-7DC3538355D7}"
EndProject
Project("{FAE04EC0-301F-11D3-BF4B-00C04F79EFBC}") = "SimpleCalculatorConsole", "..\SimpleCalculatorConsole\SimpleCalculatorConsole.csproj", "{839BEDB4-B387-4A8C-A9FB-194692E9000A}"
EndProject
Global
	GlobalSection(SolutionConfigurationPlatforms) = preSolution
		Debug|Any CPU = Debug|Any CPU
		Release|Any CPU = Release|Any CPU
	EndGlobalSection
	GlobalSection(ProjectConfigurationPlatforms) = postSolution
		{24056928-B80B-4C08-8CCA-7DC3538355D7}.Debug|Any CPU.ActiveCfg = Debug|Any CPU
		{24056928-B80B-4C08-8CCA-7DC3538355D7}.Debug|Any CPU.Build.0 = Debug|Any CPU
		{24056928-B80B-4C08-8CCA-7DC3538355D7}.Release|Any CPU.ActiveCfg = Release|Any CPU
		{24056928-B80B-4C08-8CCA-7DC3538355D7}.Release|Any CPU.Build.0 = Release|Any CPU
		{839BEDB4-B387-4A8C-A9FB-194692E9000A}.Debug|Any CPU.ActiveCfg = Debug|Any CPU
		{839BEDB4-B387-4A8C-A9FB-194692E9000A}.Debug|Any CPU.Build.0 = Debug|Any CPU
		{839BEDB4-B387-4A8C-A9FB-194692E9000A}.Release|Any CPU.ActiveCfg = Release|Any CPU
		{839BEDB4-B387-4A8C-A9FB-194692E9000A}.Release|Any CPU.Build.0 = Release|Any CPU
	EndGlobalSection
	GlobalSection(SolutionProperties) = preSolution
		HideSolutionNode = FALSE
	EndGlobalSection
	GlobalSection(ExtensibilityGlobals) = postSolution
		SolutionGuid = {EBC7341E-A91F-4B2D-A23D-C4538571834A}
	EndGlobalSection
EndGlobal
